
Microsoft Visual Studio Solution File, Format Version 12.00
# Visual Studio Version 16
VisualStudioVersion = 16.0.34601.136
MinimumVisualStudioVersion = 10.0.40219.1
Project("{FAE04EC0-301F-11D3-BF4B-00C04F79EFBC}") = "Tile Simulator", "Tile Simulator.csproj", "{F269E462-614B-4FF3-BF24-F849B221EB0E}"
EndProject
Global
	GlobalSection(SolutionConfigurationPlatforms) = preSolution
		Debug|Any CPU = Debug|Any CPU
		ExportDebug|Any CPU = ExportDebug|Any CPU
		ExportRelease|Any CPU = ExportRelease|Any CPU
	EndGlobalSection
	GlobalSection(ProjectConfigurationPlatforms) = postSolution
		{F269E462-614B-4FF3-BF24-F849B221EB0E}.Debug|Any CPU.ActiveCfg = Debug|Any CPU
		{F269E462-614B-4FF3-BF24-F849B221EB0E}.Debug|Any CPU.Build.0 = Debug|Any CPU
		{F269E462-614B-4FF3-BF24-F849B221EB0E}.ExportDebug|Any CPU.ActiveCfg = ExportDebug|Any CPU
		{F269E462-614B-4FF3-BF24-F849B221EB0E}.ExportDebug|Any CPU.Build.0 = ExportDebug|Any CPU
		{F269E462-614B-4FF3-BF24-F849B221EB0E}.ExportRelease|Any CPU.ActiveCfg = ExportRelease|Any CPU
		{F269E462-614B-4FF3-BF24-F849B221EB0E}.ExportRelease|Any CPU.Build.0 = ExportRelease|Any CPU
	EndGlobalSection
	GlobalSection(SolutionProperties) = preSolution
		HideSolutionNode = FALSE
	EndGlobalSection
	GlobalSection(ExtensibilityGlobals) = postSolution
		SolutionGuid = {FCA8CA05-7DDA-4AF5-A949-06493BF0A6DD}
	EndGlobalSection
EndGlobal
